
Microsoft Visual Studio Solution File, Format Version 12.00
# Visual Studio 2012
Project("{8BC9CEB8-8B4A-11D0-8D11-00A0C91BC942}") = "RHF", "RHF\RHF.vcxproj", "{20D6115B-F279-4A20-89D1-193CCE68A09E}"
EndProject
Global
	GlobalSection(SolutionConfigurationPlatforms) = preSolution
		Debug Test|Win32 = Debug Test|Win32
		Debug Train|Win32 = Debug Train|Win32
		Debug|Win32 = Debug|Win32
		Release|Win32 = Release|Win32
	EndGlobalSection
	GlobalSection(ProjectConfigurationPlatforms) = postSolution
		{20D6115B-F279-4A20-89D1-193CCE68A09E}.Debug Test|Win32.ActiveCfg = Debug Test|Win32
		{20D6115B-F279-4A20-89D1-193CCE68A09E}.Debug Test|Win32.Build.0 = Debug Test|Win32
		{20D6115B-F279-4A20-89D1-193CCE68A09E}.Debug Train|Win32.ActiveCfg = Debug Train|Win32
		{20D6115B-F279-4A20-89D1-193CCE68A09E}.Debug Train|Win32.Build.0 = Debug Train|Win32
		{20D6115B-F279-4A20-89D1-193CCE68A09E}.Debug|Win32.ActiveCfg = Debug|Win32
		{20D6115B-F279-4A20-89D1-193CCE68A09E}.Debug|Win32.Build.0 = Debug|Win32
		{20D6115B-F279-4A20-89D1-193CCE68A09E}.Release|Win32.ActiveCfg = Release|Win32
		{20D6115B-F279-4A20-89D1-193CCE68A09E}.Release|Win32.Build.0 = Release|Win32
	EndGlobalSection
	GlobalSection(SolutionProperties) = preSolution
		HideSolutionNode = FALSE
	EndGlobalSection
EndGlobal
